// !$*UTF8*$!
{
	archiveVersion = 1;
	classes = {
	};
	objectVersion = 77;
	objects = {

/* Begin PBXContainerItemProxy section */
		AA5E61A02E5627BA00000610 /* PBXContainerItemProxy */ = {
			isa = PBXContainerItemProxy;
			containerPortal = AA5E618A2E5627B800000610 /* Project object */;
			proxyType = 1;
			remoteGlobalIDString = AA5E61912E5627B800000610;
			remoteInfo = FindMeStat;
		};
		AA5E61AA2E5627BA00000610 /* PBXContainerItemProxy */ = {
			isa = PBXContainerItemProxy;
			containerPortal = AA5E618A2E5627B800000610 /* Project object */;
			proxyType = 1;
			remoteGlobalIDString = AA5E61912E5627B800000610;
			remoteInfo = FindMeStat;
		};
/* End PBXContainerItemProxy section */

/* Begin PBXFileReference section */
		AA5E61922E5627B800000610 /* FindMeStat.app */ = {isa = PBXFileReference; explicitFileType = wrapper.application; includeInIndex = 0; path = FindMeStat.app; sourceTree = BUILT_PRODUCTS_DIR; };
		AA5E619F2E5627BA00000610 /* FindMeStatTests.xctest */ = {isa = PBXFileReference; explicitFileType = wrapper.cfbundle; includeInIndex = 0; path = FindMeStatTests.xctest; sourceTree = BUILT_PRODUCTS_DIR; };
		AA5E61A92E5627BA00000610 /* FindMeStatUITests.xctest */ = {isa = PBXFileReference; explicitFileType = wrapper.cfbundle; includeInIndex = 0; path = FindMeStatUITests.xctest; sourceTree = BUILT_PRODUCTS_DIR; };
		AAF0543D2E71FDA00003E30A /* CONTACT.md */ = {isa = PBXFileReference; lastKnownFileType = net.daringfireball.markdown; path = CONTACT.md; sourceTree = "<group>"; };
		AAF0543E2E71FDAB0003E30A /* LICENSE */ = {isa = PBXFileReference; lastKnownFileType = text; path = LICENSE; sourceTree = "<group>"; };
		AAF0543F2E71FDAB0003E30A /* README.md */ = {isa = PBXFileReference; lastKnownFileType = net.daringfireball.markdown; path = README.md; sourceTree = "<group>"; };
/* End PBXFileReference section */

/* Begin PBXFileSystemSynchronizedBuildFileExceptionSet section */
		AA5E61C02E5628BD00000610 /* Exceptions for "FindMeStat" folder in "FindMeStat" target */ = {
			isa = PBXFileSystemSynchronizedBuildFileExceptionSet;
			membershipExceptions = (
				Info.plist,
			);
			target = AA5E61912E5627B800000610 /* FindMeStat */;
		};
/* End PBXFileSystemSynchronizedBuildFileExceptionSet section */

/* Begin PBXFileSystemSynchronizedRootGroup section */
		AA5E61942E5627B800000610 /* FindMeStat */ = {
			isa = PBXFileSystemSynchronizedRootGroup;
			exceptions = (
				AA5E61C02E5628BD00000610 /* Exceptions for "FindMeStat" folder in "FindMeStat" target */,
			);
			path = FindMeStat;
			sourceTree = "<group>";
		};
		AA5E61A22E5627BA00000610 /* FindMeStatTests */ = {
			isa = PBXFileSystemSynchronizedRootGroup;
			path = FindMeStatTests;
			sourceTree = "<group>";
		};
		AA5E61AC2E5627BA00000610 /* FindMeStatUITests */ = {
			isa = PBXFileSystemSynchronizedRootGroup;
			path = FindMeStatUITests;
			sourceTree = "<group>";
		};
/* End PBXFileSystemSynchronizedRootGroup section */

/* Begin PBXFrameworksBuildPhase section */
		AA5E618F2E5627B800000610 /* Frameworks */ = {
			isa = PBXFrameworksBuildPhase;
			buildActionMask = 2147483647;
			files = (
			);
			runOnlyForDeploymentPostprocessing = 0;
		};
		AA5E619C2E5627BA00000610 /* Frameworks */ = {
			isa = PBXFrameworksBuildPhase;
			buildActionMask = 2147483647;
			files = (
			);
			runOnlyForDeploymentPostprocessing = 0;
		};
		AA5E61A62E5627BA00000610 /* Frameworks */ = {
			isa = PBXFrameworksBuildPhase;
			buildActionMask = 2147483647;
			files = (
			);
			runOnlyForDeploymentPostprocessing = 0;
		};
/* End PBXFrameworksBuildPhase section */

/* Begin PBXGroup section */
		AA5E61892E5627B800000610 = {
			isa = PBXGroup;
			children = (
				AAF0543D2E71FDA00003E30A /* CONTACT.md */,
				AAF0543E2E71FDAB0003E30A /* LICENSE */,
				AAF0543F2E71FDAB0003E30A /* README.md */,
				AA5E61942E5627B800000610 /* FindMeStat */,
				AA5E61A22E5627BA00000610 /* FindMeStatTests */,
				AA5E61AC2E5627BA00000610 /* FindMeStatUITests */,
				AA5E61932E5627B800000610 /* Products */,
			);
			sourceTree = "<group>";
		};
		AA5E61932E5627B800000610 /* Products */ = {
			isa = PBXGroup;
			children = (
				AA5E61922E5627B800000610 /* FindMeStat.app */,
				AA5E619F2E5627BA00000610 /* FindMeStatTests.xctest */,
				AA5E61A92E5627BA00000610 /* FindMeStatUITests.xctest */,
			);
			name = Products;
			sourceTree = "<group>";
		};
/* End PBXGroup section */

/* Begin PBXNativeTarget section */
		AA5E61912E5627B800000610 /* FindMeStat */ = {
			isa = PBXNativeTarget;
			buildConfigurationList = AA5E61B32E5627BA00000610 /* Build configuration list for PBXNativeTarget "FindMeStat" */;
			buildPhases = (
				AA5E618E2E5627B800000610 /* Sources */,
				AA5E618F2E5627B800000610 /* Frameworks */,
				AA5E61902E5627B800000610 /* Resources */,
			);
			buildRules = (
			);
			dependencies = (
			);
			fileSystemSynchronizedGroups = (
				AA5E61942E5627B800000610 /* FindMeStat */,
			);
			name = FindMeStat;
			packageProductDependencies = (
			);
			productName = FindMeStat;
			productReference = AA5E61922E5627B800000610 /* FindMeStat.app */;
			productType = "com.apple.product-type.application";
		};
		AA5E619E2E5627BA00000610 /* FindMeStatTests */ = {
			isa = PBXNativeTarget;
			buildConfigurationList = AA5E61B62E5627BA00000610 /* Build configuration list for PBXNativeTarget "FindMeStatTests" */;
			buildPhases = (
				AA5E619B2E5627BA00000610 /* Sources */,
				AA5E619C2E5627BA00000610 /* Frameworks */,
				AA5E619D2E5627BA00000610 /* Resources */,
			);
			buildRules = (
			);
			dependencies = (
				AA5E61A12E5627BA00000610 /* PBXTargetDependency */,
			);
			fileSystemSynchronizedGroups = (
				AA5E61A22E5627BA00000610 /* FindMeStatTests */,
			);
			name = FindMeStatTests;
			packageProductDependencies = (
			);
			productName = FindMeStatTests;
			productReference = AA5E619F2E5627BA00000610 /* FindMeStatTests.xctest */;
			productType = "com.apple.product-type.bundle.unit-test";
		};
		AA5E61A82E5627BA00000610 /* FindMeStatUITests */ = {
			isa = PBXNativeTarget;
			buildConfigurationList = AA5E61B92E5627BA00000610 /* Build configuration list for PBXNativeTarget "FindMeStatUITests" */;
			buildPhases = (
				AA5E61A52E5627BA00000610 /* Sources */,
				AA5E61A62E5627BA00000610 /* Frameworks */,
				AA5E61A72E5627BA00000610 /* Resources */,
			);
			buildRules = (
			);
			dependencies = (
				AA5E61AB2E5627BA00000610 /* PBXTargetDependency */,
			);
			fileSystemSynchronizedGroups = (
				AA5E61AC2E5627BA00000610 /* FindMeStatUITests */,
			);
			name = FindMeStatUITests;
			packageProductDependencies = (
			);
			productName = FindMeStatUITests;
			productReference = AA5E61A92E5627BA00000610 /* FindMeStatUITests.xctest */;
			productType = "com.apple.product-type.bundle.ui-testing";
		};
/* End PBXNativeTarget section */

/* Begin PBXProject section */
		AA5E618A2E5627B800000610 /* Project object */ = {
			isa = PBXProject;
			attributes = {
				BuildIndependentTargetsInParallel = 1;
				LastSwiftUpdateCheck = 1640;
				LastUpgradeCheck = 1640;
				TargetAttributes = {
					AA5E61912E5627B800000610 = {
						CreatedOnToolsVersion = 16.4;
					};
					AA5E619E2E5627BA00000610 = {
						CreatedOnToolsVersion = 16.4;
						TestTargetID = AA5E61912E5627B800000610;
					};
					AA5E61A82E5627BA00000610 = {
						CreatedOnToolsVersion = 16.4;
						TestTargetID = AA5E61912E5627B800000610;
					};
				};
			};
			buildConfigurationList = AA5E618D2E5627B800000610 /* Build configuration list for PBXProject "FindMeStat" */;
			developmentRegion = en;
			hasScannedForEncodings = 0;
			knownRegions = (
				en,
				Base,
			);
			mainGroup = AA5E61892E5627B800000610;
			minimizedProjectReferenceProxies = 1;
			preferredProjectObjectVersion = 77;
			productRefGroup = AA5E61932E5627B800000610 /* Products */;
			projectDirPath = "";
			projectRoot = "";
			targets = (
				AA5E61912E5627B800000610 /* FindMeStat */,
				AA5E619E2E5627BA00000610 /* FindMeStatTests */,
				AA5E61A82E5627BA00000610 /* FindMeStatUITests */,
			);
		};
/* End PBXProject section */

/* Begin PBXResourcesBuildPhase section */
		AA5E61902E5627B800000610 /* Resources */ = {
			isa = PBXResourcesBuildPhase;
			buildActionMask = 2147483647;
			files = (
			);
			runOnlyForDeploymentPostprocessing = 0;
		};
		AA5E619D2E5627BA00000610 /* Resources */ = {
			isa = PBXResourcesBuildPhase;
			buildActionMask = 2147483647;
			files = (
			);
			runOnlyForDeploymentPostprocessing = 0;
		};
		AA5E61A72E5627BA00000610 /* Resources */ = {
			isa = PBXResourcesBuildPhase;
			buildActionMask = 2147483647;
			files = (
			);
			runOnlyForDeploymentPostprocessing = 0;
		};
/* End PBXResourcesBuildPhase section */

/* Begin PBXSourcesBuildPhase section */
		AA5E618E2E5627B800000610 /* Sources */ = {
			isa = PBXSourcesBuildPhase;
			buildActionMask = 2147483647;
			files = (
			);
			runOnlyForDeploymentPostprocessing = 0;
		};
		AA5E619B2E5627BA00000610 /* Sources */ = {
			isa = PBXSourcesBuildPhase;
			buildActionMask = 2147483647;
			files = (
			);
			runOnlyForDeploymentPostprocessing = 0;
		};
		AA5E61A52E5627BA00000610 /* Sources */ = {
			isa = PBXSourcesBuildPhase;
			buildActionMask = 2147483647;
			files = (
			);
			runOnlyForDeploymentPostprocessing = 0;
		};
/* End PBXSourcesBuildPhase section */

/* Begin PBXTargetDependency section */
		AA5E61A12E5627BA00000610 /* PBXTargetDependency */ = {
			isa = PBXTargetDependency;
			target = AA5E61912E5627B800000610 /* FindMeStat */;
			targetProxy = AA5E61A02E5627BA00000610 /* PBXContainerItemProxy */;
		};
		AA5E61AB2E5627BA00000610 /* PBXTargetDependency */ = {
			isa = PBXTargetDependency;
			target = AA5E61912E5627B800000610 /* FindMeStat */;
			targetProxy = AA5E61AA2E5627BA00000610 /* PBXContainerItemProxy */;
		};
/* End PBXTargetDependency section */

/* Begin XCBuildConfiguration section */
		AA5E61B12E5627BA00000610 /* Debug */ = {
			isa = XCBuildConfiguration;
			buildSettings = {
				ALWAYS_SEARCH_USER_PATHS = NO;
				ASSETCATALOG_COMPILER_GENERATE_SWIFT_ASSET_SYMBOL_EXTENSIONS = YES;
				CLANG_ANALYZER_NONNULL = YES;
				CLANG_ANALYZER_NUMBER_OBJECT_CONVERSION = YES_AGGRESSIVE;
				CLANG_CXX_LANGUAGE_STANDARD = "gnu++20";
				CLANG_ENABLE_MODULES = YES;
				CLANG_ENABLE_OBJC_ARC = YES;
				CLANG_ENABLE_OBJC_WEAK = YES;
				CLANG_WARN_BLOCK_CAPTURE_AUTORELEASING = YES;
				CLANG_WARN_BOOL_CONVERSION = YES;
				CLANG_WARN_COMMA = YES;
				CLANG_WARN_CONSTANT_CONVERSION = YES;
				CLANG_WARN_DEPRECATED_OBJC_IMPLEMENTATIONS = YES;
				CLANG_WARN_DIRECT_OBJC_ISA_USAGE = YES_ERROR;
				CLANG_WARN_DOCUMENTATION_COMMENTS = YES;
				CLANG_WARN_EMPTY_BODY = YES;
				CLANG_WARN_ENUM_CONVERSION = YES;
				CLANG_WARN_INFINITE_RECURSION = YES;
				CLANG_WARN_INT_CONVERSION = YES;
				CLANG_WARN_NON_LITERAL_NULL_CONVERSION = YES;
				CLANG_WARN_OBJC_IMPLICIT_RETAIN_SELF = YES;
				CLANG_WARN_OBJC_LITERAL_CONVERSION = YES;
				CLANG_WARN_OBJC_ROOT_CLASS = YES_ERROR;
				CLANG_WARN_QUOTED_INCLUDE_IN_FRAMEWORK_HEADER = YES;
				CLANG_WARN_RANGE_LOOP_ANALYSIS = YES;
				CLANG_WARN_STRICT_PROTOTYPES = YES;
				CLANG_WARN_SUSPICIOUS_MOVE = YES;
				CLANG_WARN_UNGUARDED_AVAILABILITY = YES_AGGRESSIVE;
				CLANG_WARN_UNREACHABLE_CODE = YES;
				CLANG_WARN__DUPLICATE_METHOD_MATCH = YES;
				COPY_PHASE_STRIP = NO;
				DEBUG_INFORMATION_FORMAT = dwarf;
				DEVELOPMENT_TEAM = ZTFNBJMT4H;
				ENABLE_STRICT_OBJC_MSGSEND = YES;
				ENABLE_TESTABILITY = YES;
				ENABLE_USER_SCRIPT_SANDBOXING = YES;
				GCC_C_LANGUAGE_STANDARD = gnu17;
				GCC_DYNAMIC_NO_PIC = NO;
				GCC_NO_COMMON_BLOCKS = YES;
				GCC_OPTIMIZATION_LEVEL = 0;
				GCC_PREPROCESSOR_DEFINITIONS = (
					"DEBUG=1",
					"$(inherited)",
				);
				GCC_WARN_64_TO_32_BIT_CONVERSION = YES;
				GCC_WARN_ABOUT_RETURN_TYPE = YES_ERROR;
				GCC_WARN_UNDECLARED_SELECTOR = YES;
				GCC_WARN_UNINITIALIZED_AUTOS = YES_AGGRESSIVE;
				GCC_WARN_UNUSED_FUNCTION = YES;
				GCC_WARN_UNUSED_VARIABLE = YES;
				IPHONEOS_DEPLOYMENT_TARGET = 18.5;
				LOCALIZATION_PREFERS_STRING_CATALOGS = YES;
				MTL_ENABLE_DEBUG_INFO = INCLUDE_SOURCE;
				MTL_FAST_MATH = YES;
				ONLY_ACTIVE_ARCH = YES;
				SDKROOT = iphoneos;
				SWIFT_ACTIVE_COMPILATION_CONDITIONS = "DEBUG $(inherited)";
				SWIFT_OPTIMIZATION_LEVEL = "-Onone";
			};
			name = Debug;
		};
		AA5E61B22E5627BA00000610 /* Release */ = {
			isa = XCBuildConfiguration;
			buildSettings = {
				ALWAYS_SEARCH_USER_PATHS = NO;
				ASSETCATALOG_COMPILER_GENERATE_SWIFT_ASSET_SYMBOL_EXTENSIONS = YES;
				CLANG_ANALYZER_NONNULL = YES;
				CLANG_ANALYZER_NUMBER_OBJECT_CONVERSION = YES_AGGRESSIVE;
				CLANG_CXX_LANGUAGE_STANDARD = "gnu++20";
				CLANG_ENABLE_MODULES = YES;
				CLANG_ENABLE_OBJC_ARC = YES;
				CLANG_ENABLE_OBJC_WEAK = YES;
				CLANG_WARN_BLOCK_CAPTURE_AUTORELEASING = YES;
				CLANG_WARN_BOOL_CONVERSION = YES;
				CLANG_WARN_COMMA = YES;
				CLANG_WARN_CONSTANT_CONVERSION = YES;
				CLANG_WARN_DEPRECATED_OBJC_IMPLEMENTATIONS = YES;
				CLANG_WARN_DIRECT_OBJC_ISA_USAGE = YES_ERROR;
				CLANG_WARN_DOCUMENTATION_COMMENTS = YES;
				CLANG_WARN_EMPTY_BODY = YES;
				CLANG_WARN_ENUM_CONVERSION = YES;
				CLANG_WARN_INFINITE_RECURSION = YES;
				CLANG_WARN_INT_CONVERSION = YES;
				CLANG_WARN_NON_LITERAL_NULL_CONVERSION = YES;
				CLANG_WARN_OBJC_IMPLICIT_RETAIN_SELF = YES;
				CLANG_WARN_OBJC_LITERAL_CONVERSION = YES;
				CLANG_WARN_OBJC_ROOT_CLASS = YES_ERROR;
				CLANG_WARN_QUOTED_INCLUDE_IN_FRAMEWORK_HEADER = YES;
				CLANG_WARN_RANGE_LOOP_ANALYSIS = YES;
				CLANG_WARN_STRICT_PROTOTYPES = YES;
				CLANG_WARN_SUSPICIOUS_MOVE = YES;
				CLANG_WARN_UNGUARDED_AVAILABILITY = YES_AGGRESSIVE;
				CLANG_WARN_UNREACHABLE_CODE = YES;
				CLANG_WARN__DUPLICATE_METHOD_MATCH = YES;
				COPY_PHASE_STRIP = NO;
				DEBUG_INFORMATION_FORMAT = "dwarf-with-dsym";
				DEVELOPMENT_TEAM = ZTFNBJMT4H;
				ENABLE_NS_ASSERTIONS = NO;
				ENABLE_STRICT_OBJC_MSGSEND = YES;
				ENABLE_USER_SCRIPT_SANDBOXING = YES;
				GCC_C_LANGUAGE_STANDARD = gnu17;
				GCC_NO_COMMON_BLOCKS = YES;
				GCC_WARN_64_TO_32_BIT_CONVERSION = YES;
				GCC_WARN_ABOUT_RETURN_TYPE = YES_ERROR;
				GCC_WARN_UNDECLARED_SELECTOR = YES;
				GCC_WARN_UNINITIALIZED_AUTOS = YES_AGGRESSIVE;
				GCC_WARN_UNUSED_FUNCTION = YES;
				GCC_WARN_UNUSED_VARIABLE = YES;
				IPHONEOS_DEPLOYMENT_TARGET = 18.5;
				LOCALIZATION_PREFERS_STRING_CATALOGS = YES;
				MTL_ENABLE_DEBUG_INFO = NO;
				MTL_FAST_MATH = YES;
				SDKROOT = iphoneos;
				SWIFT_COMPILATION_MODE = wholemodule;
				VALIDATE_PRODUCT = YES;
			};
			name = Release;
		};
		AA5E61B42E5627BA00000610 /* Debug */ = {
			isa = XCBuildConfiguration;
			buildSettings = {
				ASSETCATALOG_COMPILER_APPICON_NAME = AppIcon;
				ASSETCATALOG_COMPILER_GLOBAL_ACCENT_COLOR_NAME = AccentColor;
				CODE_SIGN_STYLE = Automatic;
				CURRENT_PROJECT_VERSION = 5;
				DEVELOPMENT_TEAM = ZTFNBJMT4H;
				ENABLE_PREVIEWS = YES;
				GENERATE_INFOPLIST_FILE = YES;
				INFOPLIST_FILE = FindMeStat/Info.plist;
				INFOPLIST_KEY_CFBundleDisplayName = "FInd Me Stat";
				INFOPLIST_KEY_ITSAppUsesNonExemptEncryption = NO;
				INFOPLIST_KEY_LSApplicationCategoryType = "public.app-category.travel";
				INFOPLIST_KEY_NSLocationWhenInUseUsageDescription = "Turning on location will allow us to show your current locations.";
				INFOPLIST_KEY_UIApplicationSceneManifest_Generation = YES;
				INFOPLIST_KEY_UIApplicationSupportsIndirectInputEvents = YES;
				INFOPLIST_KEY_UILaunchScreen_Generation = YES;
				INFOPLIST_KEY_UISupportedInterfaceOrientations_iPad = "UIInterfaceOrientationPortrait UIInterfaceOrientationPortraitUpsideDown UIInterfaceOrientationLandscapeLeft UIInterfaceOrientationLandscapeRight";
				INFOPLIST_KEY_UISupportedInterfaceOrientations_iPhone = "UIInterfaceOrientationPortrait UIInterfaceOrientationLandscapeLeft UIInterfaceOrientationLandscapeRight";
				LD_RUNPATH_SEARCH_PATHS = (
					"$(inherited)",
					"@executable_path/Frameworks",
				);
				MARKETING_VERSION = 1.0;
				PRODUCT_BUNDLE_IDENTIFIER = com.magesteve.FindMeStat;
				PRODUCT_NAME = "$(TARGET_NAME)";
				SWIFT_EMIT_LOC_STRINGS = YES;
				SWIFT_VERSION = 5.0;
				TARGETED_DEVICE_FAMILY = "1,2";
			};
			name = Debug;
		};
		AA5E61B52E5627BA00000610 /* Release */ = {
			isa = XCBuildConfiguration;
			buildSettings = {
				ASSETCATALOG_COMPILER_APPICON_NAME = AppIcon;
				ASSETCATALOG_COMPILER_GLOBAL_ACCENT_COLOR_NAME = AccentColor;
				CODE_SIGN_STYLE = Automatic;
				CURRENT_PROJECT_VERSION = 5;
				DEVELOPMENT_TEAM = ZTFNBJMT4H;
				ENABLE_PREVIEWS = YES;
				GENERATE_INFOPLIST_FILE = YES;
				INFOPLIST_FILE = FindMeStat/Info.plist;
				INFOPLIST_KEY_CFBundleDisplayName = "FInd Me Stat";
				INFOPLIST_KEY_ITSAppUsesNonExemptEncryption = NO;
				INFOPLIST_KEY_LSApplicationCategoryType = "public.app-category.travel";
				INFOPLIST_KEY_NSLocationWhenInUseUsageDescription = "Turning on location will allow us to show your current locations.";
				INFOPLIST_KEY_UIApplicationSceneManifest_Generation = YES;
				INFOPLIST_KEY_UIApplicationSupportsIndirectInputEvents = YES;
				INFOPLIST_KEY_UILaunchScreen_Generation = YES;
				INFOPLIST_KEY_UISupportedInterfaceOrientations_iPad = "UIInterfaceOrientationPortrait UIInterfaceOrientationPortraitUpsideDown UIInterfaceOrientationLandscapeLeft UIInterfaceOrientationLandscapeRight";
				INFOPLIST_KEY_UISupportedInterfaceOrientations_iPhone = "UIInterfaceOrientationPortrait UIInterfaceOrientationLandscapeLeft UIInterfaceOrientationLandscapeRight";
				LD_RUNPATH_SEARCH_PATHS = (
					"$(inherited)",
					"@executable_path/Frameworks",
				);
				MARKETING_VERSION = 1.0;
				PRODUCT_BUNDLE_IDENTIFIER = com.magesteve.FindMeStat;
				PRODUCT_NAME = "$(TARGET_NAME)";
				SWIFT_EMIT_LOC_STRINGS = YES;
				SWIFT_VERSION = 5.0;
				TARGETED_DEVICE_FAMILY = "1,2";
			};
			name = Release;
		};
		AA5E61B72E5627BA00000610 /* Debug */ = {
			isa = XCBuildConfiguration;
			buildSettings = {
				BUNDLE_LOADER = "$(TEST_HOST)";
				CODE_SIGN_STYLE = Automatic;
				CURRENT_PROJECT_VERSION = 1;
				DEVELOPMENT_TEAM = ZTFNBJMT4H;
				GENERATE_INFOPLIST_FILE = YES;
				IPHONEOS_DEPLOYMENT_TARGET = 18.5;
				MARKETING_VERSION = 1.0;
				PRODUCT_BUNDLE_IDENTIFIER = com.magesteve.FindMeStatTests;
				PRODUCT_NAME = "$(TARGET_NAME)";
				SWIFT_EMIT_LOC_STRINGS = NO;
				SWIFT_VERSION = 5.0;
				TARGETED_DEVICE_FAMILY = "1,2";
				TEST_HOST = "$(BUILT_PRODUCTS_DIR)/FindMeStat.app/$(BUNDLE_EXECUTABLE_FOLDER_PATH)/FindMeStat";
			};
			name = Debug;
		};
		AA5E61B82E5627BA00000610 /* Release */ = {
			isa = XCBuildConfiguration;
			buildSettings = {
				BUNDLE_LOADER = "$(TEST_HOST)";
				CODE_SIGN_STYLE = Automatic;
				CURRENT_PROJECT_VERSION = 1;
				DEVELOPMENT_TEAM = ZTFNBJMT4H;
				GENERATE_INFOPLIST_FILE = YES;
				IPHONEOS_DEPLOYMENT_TARGET = 18.5;
				MARKETING_VERSION = 1.0;
				PRODUCT_BUNDLE_IDENTIFIER = com.magesteve.FindMeStatTests;
				PRODUCT_NAME = "$(TARGET_NAME)";
				SWIFT_EMIT_LOC_STRINGS = NO;
				SWIFT_VERSION = 5.0;
				TARGETED_DEVICE_FAMILY = "1,2";
				TEST_HOST = "$(BUILT_PRODUCTS_DIR)/FindMeStat.app/$(BUNDLE_EXECUTABLE_FOLDER_PATH)/FindMeStat";
			};
			name = Release;
		};
		AA5E61BA2E5627BA00000610 /* Debug */ = {
			isa = XCBuildConfiguration;
			buildSettings = {
				CODE_SIGN_STYLE = Automatic;
				CURRENT_PROJECT_VERSION = 1;
				DEVELOPMENT_TEAM = ZTFNBJMT4H;
				GENERATE_INFOPLIST_FILE = YES;
				MARKETING_VERSION = 1.0;
				PRODUCT_BUNDLE_IDENTIFIER = com.magesteve.FindMeStatUITests;
				PRODUCT_NAME = "$(TARGET_NAME)";
				SWIFT_EMIT_LOC_STRINGS = NO;
				SWIFT_VERSION = 5.0;
				TARGETED_DEVICE_FAMILY = "1,2";
				TEST_TARGET_NAME = FindMeStat;
			};
			name = Debug;
		};
		AA5E61BB2E5627BA00000610 /* Release */ = {
			isa = XCBuildConfiguration;
			buildSettings = {
				CODE_SIGN_STYLE = Automatic;
				CURRENT_PROJECT_VERSION = 1;
				DEVELOPMENT_TEAM = ZTFNBJMT4H;
				GENERATE_INFOPLIST_FILE = YES;
				MARKETING_VERSION = 1.0;
				PRODUCT_BUNDLE_IDENTIFIER = com.magesteve.FindMeStatUITests;
				PRODUCT_NAME = "$(TARGET_NAME)";
				SWIFT_EMIT_LOC_STRINGS = NO;
				SWIFT_VERSION = 5.0;
				TARGETED_DEVICE_FAMILY = "1,2";
				TEST_TARGET_NAME = FindMeStat;
			};
			name = Release;
		};
/* End XCBuildConfiguration section */

/* Begin XCConfigurationList section */
		AA5E618D2E5627B800000610 /* Build configuration list for PBXProject "FindMeStat" */ = {
			isa = XCConfigurationList;
			buildConfigurations = (
				AA5E61B12E5627BA00000610 /* Debug */,
				AA5E61B22E5627BA00000610 /* Release */,
			);
			defaultConfigurationIsVisible = 0;
			defaultConfigurationName = Release;
		};
		AA5E61B32E5627BA00000610 /* Build configuration list for PBXNativeTarget "FindMeStat" */ = {
			isa = XCConfigurationList;
			buildConfigurations = (
				AA5E61B42E5627BA00000610 /* Debug */,
				AA5E61B52E5627BA00000610 /* Release */,
			);
			defaultConfigurationIsVisible = 0;
			defaultConfigurationName = Release;
		};
		AA5E61B62E5627BA00000610 /* Build configuration list for PBXNativeTarget "FindMeStatTests" */ = {
			isa = XCConfigurationList;
			buildConfigurations = (
				AA5E61B72E5627BA00000610 /* Debug */,
				AA5E61B82E5627BA00000610 /* Release */,
			);
			defaultConfigurationIsVisible = 0;
			defaultConfigurationName = Release;
		};
		AA5E61B92E5627BA00000610 /* Build configuration list for PBXNativeTarget "FindMeStatUITests" */ = {
			isa = XCConfigurationList;
			buildConfigurations = (
				AA5E61BA2E5627BA00000610 /* Debug */,
				AA5E61BB2E5627BA00000610 /* Release */,
			);
			defaultConfigurationIsVisible = 0;
			defaultConfigurationName = Release;
		};
/* End XCConfigurationList section */
	};
	rootObject = AA5E618A2E5627B800000610 /* Project object */;
}
